
Microsoft Visual Studio Solution File, Format Version 12.00
# Visual Studio 15
VisualStudioVersion = 15.0.28010.2046
MinimumVisualStudioVersion = 10.0.40219.1
Project("{FAE04EC0-301F-11D3-BF4B-00C04F79EFBC}") = "HashTable", "HashTable\HashTable.csproj", "{9ECCD9C3-1E91-4BB3-9BC0-942B5F7B0CD8}"
EndProject
Global
	GlobalSection(SolutionConfigurationPlatforms) = preSolution
		Debug|Any CPU = Debug|Any CPU
		Release|Any CPU = Release|Any CPU
	EndGlobalSection
	GlobalSection(ProjectConfigurationPlatforms) = postSolution
		{9ECCD9C3-1E91-4BB3-9BC0-942B5F7B0CD8}.Debug|Any CPU.ActiveCfg = Debug|Any CPU
		{9ECCD9C3-1E91-4BB3-9BC0-942B5F7B0CD8}.Debug|Any CPU.Build.0 = Debug|Any CPU
		{9ECCD9C3-1E91-4BB3-9BC0-942B5F7B0CD8}.Release|Any CPU.ActiveCfg = Release|Any CPU
		{9ECCD9C3-1E91-4BB3-9BC0-942B5F7B0CD8}.Release|Any CPU.Build.0 = Release|Any CPU
	EndGlobalSection
	GlobalSection(SolutionProperties) = preSolution
		HideSolutionNode = FALSE
	EndGlobalSection
	GlobalSection(ExtensibilityGlobals) = postSolution
		SolutionGuid = {61236CC6-2180-4285-82CA-7A4B0AF1CC83}
	EndGlobalSection
EndGlobal
